
Microsoft Visual Studio Solution File, Format Version 12.00
# Visual Studio 15
VisualStudioVersion = 15.0.26510.0
MinimumVisualStudioVersion = 10.0.40219.1
Project("{FAE04EC0-301F-11D3-BF4B-00C04F79EFBC}") = "AzureFunctionsBlogDemos", "AzureFunctionsBlogDemos\AzureFunctionsBlogDemos.csproj", "{B23F2876-C7F3-4726-B5C5-652B10B30F00}"
EndProject
Project("{FAE04EC0-301F-11D3-BF4B-00C04F79EFBC}") = "AzureFunctionsBlogDemosTests", "AzureFunctionsBlogDemosTests\AzureFunctionsBlogDemosTests.csproj", "{19ED7D40-EE57-49E6-81AE-940B560B49EF}"
EndProject
Project("{FAE04EC0-301F-11D3-BF4B-00C04F79EFBC}") = "AzureFunctionsBlogDemosConsoleTest", "AzureFunctionsBlogDemosConsoleTest\AzureFunctionsBlogDemosConsoleTest.csproj", "{6BC9EA47-38B1-499F-99C3-4D42A032FBBD}"
EndProject
Global
	GlobalSection(SolutionConfigurationPlatforms) = preSolution
		Debug|Any CPU = Debug|Any CPU
		Release|Any CPU = Release|Any CPU
	EndGlobalSection
	GlobalSection(ProjectConfigurationPlatforms) = postSolution
		{B23F2876-C7F3-4726-B5C5-652B10B30F00}.Debug|Any CPU.ActiveCfg = Debug|Any CPU
		{B23F2876-C7F3-4726-B5C5-652B10B30F00}.Debug|Any CPU.Build.0 = Debug|Any CPU
		{B23F2876-C7F3-4726-B5C5-652B10B30F00}.Release|Any CPU.ActiveCfg = Release|Any CPU
		{B23F2876-C7F3-4726-B5C5-652B10B30F00}.Release|Any CPU.Build.0 = Release|Any CPU
		{19ED7D40-EE57-49E6-81AE-940B560B49EF}.Debug|Any CPU.ActiveCfg = Debug|Any CPU
		{19ED7D40-EE57-49E6-81AE-940B560B49EF}.Debug|Any CPU.Build.0 = Debug|Any CPU
		{19ED7D40-EE57-49E6-81AE-940B560B49EF}.Release|Any CPU.ActiveCfg = Release|Any CPU
		{19ED7D40-EE57-49E6-81AE-940B560B49EF}.Release|Any CPU.Build.0 = Release|Any CPU
		{6BC9EA47-38B1-499F-99C3-4D42A032FBBD}.Debug|Any CPU.ActiveCfg = Debug|Any CPU
		{6BC9EA47-38B1-499F-99C3-4D42A032FBBD}.Debug|Any CPU.Build.0 = Debug|Any CPU
		{6BC9EA47-38B1-499F-99C3-4D42A032FBBD}.Release|Any CPU.ActiveCfg = Release|Any CPU
		{6BC9EA47-38B1-499F-99C3-4D42A032FBBD}.Release|Any CPU.Build.0 = Release|Any CPU
	EndGlobalSection
	GlobalSection(SolutionProperties) = preSolution
		HideSolutionNode = FALSE
	EndGlobalSection
EndGlobal
